
Microsoft Visual Studio Solution File, Format Version 12.00
# Visual Studio Version 17
VisualStudioVersion = 17.8.34322.80
MinimumVisualStudioVersion = 10.0.40219.1
Project("{FAE04EC0-301F-11D3-BF4B-00C04F79EFBC}") = "MarketAsp", "MarketAsp\MarketAsp.csproj", "{FB83DCDF-6A33-47D5-8ADB-B3CBAE4BF994}"
EndProject
Global
	GlobalSection(SolutionConfigurationPlatforms) = preSolution
		Debug|Any CPU = Debug|Any CPU
		Release|Any CPU = Release|Any CPU
	EndGlobalSection
	GlobalSection(ProjectConfigurationPlatforms) = postSolution
		{FB83DCDF-6A33-47D5-8ADB-B3CBAE4BF994}.Debug|Any CPU.ActiveCfg = Debug|Any CPU
		{FB83DCDF-6A33-47D5-8ADB-B3CBAE4BF994}.Debug|Any CPU.Build.0 = Debug|Any CPU
		{FB83DCDF-6A33-47D5-8ADB-B3CBAE4BF994}.Release|Any CPU.ActiveCfg = Release|Any CPU
		{FB83DCDF-6A33-47D5-8ADB-B3CBAE4BF994}.Release|Any CPU.Build.0 = Release|Any CPU
	EndGlobalSection
	GlobalSection(SolutionProperties) = preSolution
		HideSolutionNode = FALSE
	EndGlobalSection
	GlobalSection(ExtensibilityGlobals) = postSolution
		SolutionGuid = {D33F996C-77FF-4CD1-B927-0FA813A02836}
	EndGlobalSection
EndGlobal
